// !$*UTF8*$!
{
	archiveVersion = 1;
	classes = {
	};
	objectVersion = 77;
	objects = {

/* Begin PBXBuildFile section */
		14009499300EF6A200064F28 /* AppDelegate.swift in Sources */ = {isa = PBXBuildFile; fileRef = 14009498300EF6A200064F28 /* AppDelegate.swift */; };
		1400949D300EF6A200064F28 /* Main.html in Resources */ = {isa = PBXBuildFile; fileRef = 1400949B300EF6A200064F28 /* Main.html */; };
		1400949F300EF6A200064F28 /* Icon.png in Resources */ = {isa = PBXBuildFile; fileRef = 1400949E300EF6A200064F28 /* Icon.png */; };
		140094A1300EF6A200064F28 /* Style.css in Resources */ = {isa = PBXBuildFile; fileRef = 140094A0300EF6A200064F28 /* Style.css */; };
		140094A3300EF6A200064F28 /* Script.js in Resources */ = {isa = PBXBuildFile; fileRef = 140094A2300EF6A200064F28 /* Script.js */; };
		140094A5300EF6A200064F28 /* ViewController.swift in Sources */ = {isa = PBXBuildFile; fileRef = 140094A4300EF6A200064F28 /* ViewController.swift */; };
		140094A8300EF6A200064F28 /* Main.storyboard in Resources */ = {isa = PBXBuildFile; fileRef = 140094A6300EF6A200064F28 /* Main.storyboard */; };
		140094AA300EF6A300064F28 /* Assets.xcassets in Resources */ = {isa = PBXBuildFile; fileRef = 140094A9300EF6A300064F28 /* Assets.xcassets */; };
		140094B1300EF6A300064F28 /* Euspell Extension.appex in Embed Foundation Extensions */ = {isa = PBXBuildFile; fileRef = 140094B0300EF6A300064F28 /* Euspell Extension.appex */; settings = {ATTRIBUTES = (RemoveHeadersOnCopy, ); }; };
		140094B6300EF6A300064F28 /* SafariWebExtensionHandler.swift in Sources */ = {isa = PBXBuildFile; fileRef = 140094B5300EF6A300064F28 /* SafariWebExtensionHandler.swift */; };
		140094C6300EF6A300064F28 /* dist in Resources */ = {isa = PBXBuildFile; fileRef = 140094C2300EF6A300064F28 /* dist */; };
		140094C7300EF6A300064F28 /* icons in Resources */ = {isa = PBXBuildFile; fileRef = 140094C3300EF6A300064F28 /* icons */; };
		140094C8300EF6A300064F28 /* manifest.json in Resources */ = {isa = PBXBuildFile; fileRef = 140094C4300EF6A300064F28 /* manifest.json */; };
		140094C9300EF6A300064F28 /* src in Resources */ = {isa = PBXBuildFile; fileRef = 140094C5300EF6A300064F28 /* src */; };
/* End PBXBuildFile section */

/* Begin PBXContainerItemProxy section */
		140094B2300EF6A300064F28 /* PBXContainerItemProxy */ = {
			isa = PBXContainerItemProxy;
			containerPortal = 1400948D300EF6A200064F28 /* Project object */;
			proxyType = 1;
			remoteGlobalIDString = 140094AF300EF6A300064F28;
			remoteInfo = "Euspell Extension";
		};
/* End PBXContainerItemProxy section */

/* Begin PBXCopyFilesBuildPhase section */
		140094BD300EF6A300064F28 /* Embed Foundation Extensions */ = {
			isa = PBXCopyFilesBuildPhase;
			buildActionMask = 2147483647;
			dstPath = "";
			dstSubfolderSpec = 13;
			files = (
				140094B1300EF6A300064F28 /* Euspell Extension.appex in Embed Foundation Extensions */,
			);
			name = "Embed Foundation Extensions";
			runOnlyForDeploymentPostprocessing = 0;
		};
/* End PBXCopyFilesBuildPhase section */

/* Begin PBXFileReference section */
		14009495300EF6A200064F28 /* Euspell.app */ = {isa = PBXFileReference; explicitFileType = wrapper.application; includeInIndex = 0; path = Euspell.app; sourceTree = BUILT_PRODUCTS_DIR; };
		14009498300EF6A200064F28 /* AppDelegate.swift */ = {isa = PBXFileReference; lastKnownFileType = sourcecode.swift; path = AppDelegate.swift; sourceTree = "<group>"; };
		1400949C300EF6A200064F28 /* Base */ = {isa = PBXFileReference; lastKnownFileType = text.html; name = Base; path = Base.lproj/Main.html; sourceTree = "<group>"; };
		1400949E300EF6A200064F28 /* Icon.png */ = {isa = PBXFileReference; lastKnownFileType = image.png; path = Icon.png; sourceTree = "<group>"; };
		140094A0300EF6A200064F28 /* Style.css */ = {isa = PBXFileReference; lastKnownFileType = text.css; path = Style.css; sourceTree = "<group>"; };
		140094A2300EF6A200064F28 /* Script.js */ = {isa = PBXFileReference; lastKnownFileType = sourcecode.javascript; path = Script.js; sourceTree = "<group>"; };
		140094A4300EF6A200064F28 /* ViewController.swift */ = {isa = PBXFileReference; lastKnownFileType = sourcecode.swift; path = ViewController.swift; sourceTree = "<group>"; };
		140094A7300EF6A200064F28 /* Base */ = {isa = PBXFileReference; lastKnownFileType = file.storyboard; name = Base; path = Base.lproj/Main.storyboard; sourceTree = "<group>"; };
		140094A9300EF6A300064F28 /* Assets.xcassets */ = {isa = PBXFileReference; lastKnownFileType = folder.assetcatalog; path = Assets.xcassets; sourceTree = "<group>"; };
		140094AB300EF6A300064F28 /* Info.plist */ = {isa = PBXFileReference; lastKnownFileType = text.plist.xml; path = Info.plist; sourceTree = "<group>"; };
		140094B0300EF6A300064F28 /* Euspell Extension.appex */ = {isa = PBXFileReference; explicitFileType = "wrapper.app-extension"; includeInIndex = 0; path = "Euspell Extension.appex"; sourceTree = BUILT_PRODUCTS_DIR; };
		140094B5300EF6A300064F28 /* SafariWebExtensionHandler.swift */ = {isa = PBXFileReference; lastKnownFileType = sourcecode.swift; path = SafariWebExtensionHandler.swift; sourceTree = "<group>"; };
		140094B7300EF6A300064F28 /* Info.plist */ = {isa = PBXFileReference; lastKnownFileType = text.plist.xml; path = Info.plist; sourceTree = "<group>"; };
		140094C2300EF6A300064F28 /* dist */ = {isa = PBXFileReference; lastKnownFileType = folder; name = dist; path = Resources/dist; sourceTree = "<group>"; };
		140094C3300EF6A300064F28 /* icons */ = {isa = PBXFileReference; lastKnownFileType = folder; name = icons; path = Resources/icons; sourceTree = "<group>"; };
		140094C4300EF6A300064F28 /* manifest.json */ = {isa = PBXFileReference; lastKnownFileType = text.json; name = manifest.json; path = Resources/manifest.json; sourceTree = "<group>"; };
		140094C5300EF6A300064F28 /* src */ = {isa = PBXFileReference; lastKnownFileType = folder; name = src; path = Resources/src; sourceTree = "<group>"; };
/* End PBXFileReference section */

/* Begin PBXFrameworksBuildPhase section */
		14009492300EF6A200064F28 /* Frameworks */ = {
			isa = PBXFrameworksBuildPhase;
			buildActionMask = 2147483647;
			files = (
			);
			runOnlyForDeploymentPostprocessing = 0;
		};
		140094AD300EF6A300064F28 /* Frameworks */ = {
			isa = PBXFrameworksBuildPhase;
			buildActionMask = 2147483647;
			files = (
			);
			runOnlyForDeploymentPostprocessing = 0;
		};
/* End PBXFrameworksBuildPhase section */

/* Begin PBXGroup section */
		1400948C300EF6A200064F28 = {
			isa = PBXGroup;
			children = (
				14009497300EF6A200064F28 /* Euspell */,
				140094B4300EF6A300064F28 /* Euspell Extension */,
				14009496300EF6A200064F28 /* Products */,
			);
			sourceTree = "<group>";
		};
		14009496300EF6A200064F28 /* Products */ = {
			isa = PBXGroup;
			children = (
				14009495300EF6A200064F28 /* Euspell.app */,
				140094B0300EF6A300064F28 /* Euspell Extension.appex */,
			);
			name = Products;
			sourceTree = "<group>";
		};
		14009497300EF6A200064F28 /* Euspell */ = {
			isa = PBXGroup;
			children = (
				14009498300EF6A200064F28 /* AppDelegate.swift */,
				140094A4300EF6A200064F28 /* ViewController.swift */,
				140094A6300EF6A200064F28 /* Main.storyboard */,
				140094A9300EF6A300064F28 /* Assets.xcassets */,
				140094AB300EF6A300064F28 /* Info.plist */,
				1400949A300EF6A200064F28 /* Resources */,
			);
			path = Euspell;
			sourceTree = "<group>";
		};
		1400949A300EF6A200064F28 /* Resources */ = {
			isa = PBXGroup;
			children = (
				1400949B300EF6A200064F28 /* Main.html */,
				1400949E300EF6A200064F28 /* Icon.png */,
				140094A0300EF6A200064F28 /* Style.css */,
				140094A2300EF6A200064F28 /* Script.js */,
			);
			path = Resources;
			sourceTree = "<group>";
		};
		140094B4300EF6A300064F28 /* Euspell Extension */ = {
			isa = PBXGroup;
			children = (
				140094C1300EF6A300064F28 /* Resources */,
				140094B5300EF6A300064F28 /* SafariWebExtensionHandler.swift */,
				140094B7300EF6A300064F28 /* Info.plist */,
			);
			path = "Euspell Extension";
			sourceTree = "<group>";
		};
		140094C1300EF6A300064F28 /* Resources */ = {
			isa = PBXGroup;
			children = (
				140094C2300EF6A300064F28 /* dist */,
				140094C3300EF6A300064F28 /* icons */,
				140094C4300EF6A300064F28 /* manifest.json */,
				140094C5300EF6A300064F28 /* src */,
			);
			name = Resources;
			path = "Euspell Extension";
			sourceTree = SOURCE_ROOT;
		};
/* End PBXGroup section */

/* Begin PBXNativeTarget section */
		14009494300EF6A200064F28 /* Euspell */ = {
			isa = PBXNativeTarget;
			buildConfigurationList = 140094BE300EF6A300064F28 /* Build configuration list for PBXNativeTarget "Euspell" */;
			buildPhases = (
				14009491300EF6A200064F28 /* Sources */,
				14009492300EF6A200064F28 /* Frameworks */,
				14009493300EF6A200064F28 /* Resources */,
				140094BD300EF6A300064F28 /* Embed Foundation Extensions */,
			);
			buildRules = (
			);
			dependencies = (
				140094B3300EF6A300064F28 /* PBXTargetDependency */,
			);
			name = Euspell;
			packageProductDependencies = (
			);
			productName = Euspell;
			productReference = 14009495300EF6A200064F28 /* Euspell.app */;
			productType = "com.apple.product-type.application";
		};
		140094AF300EF6A300064F28 /* Euspell Extension */ = {
			isa = PBXNativeTarget;
			buildConfigurationList = 140094BA300EF6A300064F28 /* Build configuration list for PBXNativeTarget "Euspell Extension" */;
			buildPhases = (
				140094AC300EF6A300064F28 /* Sources */,
				140094AD300EF6A300064F28 /* Frameworks */,
				140094AE300EF6A300064F28 /* Resources */,
			);
			buildRules = (
			);
			dependencies = (
			);
			name = "Euspell Extension";
			packageProductDependencies = (
			);
			productName = "Euspell Extension";
			productReference = 140094B0300EF6A300064F28 /* Euspell Extension.appex */;
			productType = "com.apple.product-type.app-extension";
		};
/* End PBXNativeTarget section */

/* Begin PBXProject section */
		1400948D300EF6A200064F28 /* Project object */ = {
			isa = PBXProject;
			attributes = {
				BuildIndependentTargetsInParallel = 1;
				LastSwiftUpdateCheck = 2660;
				LastUpgradeCheck = 2660;
				TargetAttributes = {
					14009494300EF6A200064F28 = {
						CreatedOnToolsVersion = 26.6;
					};
					140094AF300EF6A300064F28 = {
						CreatedOnToolsVersion = 26.6;
					};
				};
			};
			buildConfigurationList = 14009490300EF6A200064F28 /* Build configuration list for PBXProject "Euspell" */;
			developmentRegion = en;
			hasScannedForEncodings = 0;
			knownRegions = (
				en,
				Base,
			);
			mainGroup = 1400948C300EF6A200064F28;
			minimizedProjectReferenceProxies = 1;
			preferredProjectObjectVersion = 77;
			productRefGroup = 14009496300EF6A200064F28 /* Products */;
			projectDirPath = "";
			projectRoot = "";
			targets = (
				14009494300EF6A200064F28 /* Euspell */,
				140094AF300EF6A300064F28 /* Euspell Extension */,
			);
		};
/* End PBXProject section */

/* Begin PBXResourcesBuildPhase section */
		14009493300EF6A200064F28 /* Resources */ = {
			isa = PBXResourcesBuildPhase;
			buildActionMask = 2147483647;
			files = (
				1400949F300EF6A200064F28 /* Icon.png in Resources */,
				140094A8300EF6A200064F28 /* Main.storyboard in Resources */,
				140094A3300EF6A200064F28 /* Script.js in Resources */,
				1400949D300EF6A200064F28 /* Main.html in Resources */,
				140094AA300EF6A300064F28 /* Assets.xcassets in Resources */,
				140094A1300EF6A200064F28 /* Style.css in Resources */,
			);
			runOnlyForDeploymentPostprocessing = 0;
		};
		140094AE300EF6A300064F28 /* Resources */ = {
			isa = PBXResourcesBuildPhase;
			buildActionMask = 2147483647;
			files = (
				140094C6300EF6A300064F28 /* dist in Resources */,
				140094C8300EF6A300064F28 /* manifest.json in Resources */,
				140094C7300EF6A300064F28 /* icons in Resources */,
				140094C9300EF6A300064F28 /* src in Resources */,
			);
			runOnlyForDeploymentPostprocessing = 0;
		};
/* End PBXResourcesBuildPhase section */

/* Begin PBXSourcesBuildPhase section */
		14009491300EF6A200064F28 /* Sources */ = {
			isa = PBXSourcesBuildPhase;
			buildActionMask = 2147483647;
			files = (
				140094A5300EF6A200064F28 /* ViewController.swift in Sources */,
				14009499300EF6A200064F28 /* AppDelegate.swift in Sources */,
			);
			runOnlyForDeploymentPostprocessing = 0;
		};
		140094AC300EF6A300064F28 /* Sources */ = {
			isa = PBXSourcesBuildPhase;
			buildActionMask = 2147483647;
			files = (
				140094B6300EF6A300064F28 /* SafariWebExtensionHandler.swift in Sources */,
			);
			runOnlyForDeploymentPostprocessing = 0;
		};
/* End PBXSourcesBuildPhase section */

/* Begin PBXTargetDependency section */
		140094B3300EF6A300064F28 /* PBXTargetDependency */ = {
			isa = PBXTargetDependency;
			target = 140094AF300EF6A300064F28 /* Euspell Extension */;
			targetProxy = 140094B2300EF6A300064F28 /* PBXContainerItemProxy */;
		};
/* End PBXTargetDependency section */

/* Begin PBXVariantGroup section */
		1400949B300EF6A200064F28 /* Main.html */ = {
			isa = PBXVariantGroup;
			children = (
				1400949C300EF6A200064F28 /* Base */,
			);
			name = Main.html;
			sourceTree = "<group>";
		};
		140094A6300EF6A200064F28 /* Main.storyboard */ = {
			isa = PBXVariantGroup;
			children = (
				140094A7300EF6A200064F28 /* Base */,
			);
			name = Main.storyboard;
			sourceTree = "<group>";
		};
/* End PBXVariantGroup section */

/* Begin XCBuildConfiguration section */
		140094B8300EF6A300064F28 /* Debug */ = {
			isa = XCBuildConfiguration;
			buildSettings = {
				ALWAYS_SEARCH_USER_PATHS = NO;
				ASSETCATALOG_COMPILER_GENERATE_SWIFT_ASSET_SYMBOL_EXTENSIONS = YES;
				CLANG_ANALYZER_NONNULL = YES;
				CLANG_ANALYZER_NUMBER_OBJECT_CONVERSION = YES_AGGRESSIVE;
				CLANG_CXX_LANGUAGE_STANDARD = "gnu++20";
				CLANG_ENABLE_MODULES = YES;
				CLANG_ENABLE_OBJC_ARC = YES;
				CLANG_ENABLE_OBJC_WEAK = YES;
				CLANG_WARN_BLOCK_CAPTURE_AUTORELEASING = YES;
				CLANG_WARN_BOOL_CONVERSION = YES;
				CLANG_WARN_COMMA = YES;
				CLANG_WARN_CONSTANT_CONVERSION = YES;
				CLANG_WARN_DEPRECATED_OBJC_IMPLEMENTATIONS = YES;
				CLANG_WARN_DIRECT_OBJC_ISA_USAGE = YES_ERROR;
				CLANG_WARN_DOCUMENTATION_COMMENTS = YES;
				CLANG_WARN_EMPTY_BODY = YES;
				CLANG_WARN_ENUM_CONVERSION = YES;
				CLANG_WARN_INFINITE_RECURSION = YES;
				CLANG_WARN_INT_CONVERSION = YES;
				CLANG_WARN_NON_LITERAL_NULL_CONVERSION = YES;
				CLANG_WARN_OBJC_IMPLICIT_RETAIN_SELF = YES;
				CLANG_WARN_OBJC_LITERAL_CONVERSION = YES;
				CLANG_WARN_OBJC_ROOT_CLASS = YES_ERROR;
				CLANG_WARN_QUOTED_INCLUDE_IN_FRAMEWORK_HEADER = YES;
				CLANG_WARN_RANGE_LOOP_ANALYSIS = YES;
				CLANG_WARN_STRICT_PROTOTYPES = YES;
				CLANG_WARN_SUSPICIOUS_MOVE = YES;
				CLANG_WARN_UNGUARDED_AVAILABILITY = YES_AGGRESSIVE;
				CLANG_WARN_UNREACHABLE_CODE = YES;
				CLANG_WARN__DUPLICATE_METHOD_MATCH = YES;
				COPY_PHASE_STRIP = NO;
				DEBUG_INFORMATION_FORMAT = dwarf;
				ENABLE_STRICT_OBJC_MSGSEND = YES;
				ENABLE_TESTABILITY = YES;
				ENABLE_USER_SCRIPT_SANDBOXING = YES;
				GCC_C_LANGUAGE_STANDARD = gnu17;
				GCC_DYNAMIC_NO_PIC = NO;
				GCC_NO_COMMON_BLOCKS = YES;
				GCC_OPTIMIZATION_LEVEL = 0;
				GCC_PREPROCESSOR_DEFINITIONS = (
					"DEBUG=1",
					"$(inherited)",
				);
				GCC_WARN_64_TO_32_BIT_CONVERSION = YES;
				GCC_WARN_ABOUT_RETURN_TYPE = YES_ERROR;
				GCC_WARN_UNDECLARED_SELECTOR = YES;
				GCC_WARN_UNINITIALIZED_AUTOS = YES_AGGRESSIVE;
				GCC_WARN_UNUSED_FUNCTION = YES;
				GCC_WARN_UNUSED_VARIABLE = YES;
				LOCALIZATION_PREFERS_STRING_CATALOGS = YES;
				MACOSX_DEPLOYMENT_TARGET = 13.0;
				MTL_ENABLE_DEBUG_INFO = INCLUDE_SOURCE;
				MTL_FAST_MATH = YES;
				ONLY_ACTIVE_ARCH = YES;
				SDKROOT = macosx;
				SWIFT_ACTIVE_COMPILATION_CONDITIONS = "DEBUG $(inherited)";
				SWIFT_OPTIMIZATION_LEVEL = "-Onone";
			};
			name = Debug;
		};
		140094B9300EF6A300064F28 /* Release */ = {
			isa = XCBuildConfiguration;
			buildSettings = {
				ALWAYS_SEARCH_USER_PATHS = NO;
				ASSETCATALOG_COMPILER_GENERATE_SWIFT_ASSET_SYMBOL_EXTENSIONS = YES;
				CLANG_ANALYZER_NONNULL = YES;
				CLANG_ANALYZER_NUMBER_OBJECT_CONVERSION = YES_AGGRESSIVE;
				CLANG_CXX_LANGUAGE_STANDARD = "gnu++20";
				CLANG_ENABLE_MODULES = YES;
				CLANG_ENABLE_OBJC_ARC = YES;
				CLANG_ENABLE_OBJC_WEAK = YES;
				CLANG_WARN_BLOCK_CAPTURE_AUTORELEASING = YES;
				CLANG_WARN_BOOL_CONVERSION = YES;
				CLANG_WARN_COMMA = YES;
				CLANG_WARN_CONSTANT_CONVERSION = YES;
				CLANG_WARN_DEPRECATED_OBJC_IMPLEMENTATIONS = YES;
				CLANG_WARN_DIRECT_OBJC_ISA_USAGE = YES_ERROR;
				CLANG_WARN_DOCUMENTATION_COMMENTS = YES;
				CLANG_WARN_EMPTY_BODY = YES;
				CLANG_WARN_ENUM_CONVERSION = YES;
				CLANG_WARN_INFINITE_RECURSION = YES;
				CLANG_WARN_INT_CONVERSION = YES;
				CLANG_WARN_NON_LITERAL_NULL_CONVERSION = YES;
				CLANG_WARN_OBJC_IMPLICIT_RETAIN_SELF = YES;
				CLANG_WARN_OBJC_LITERAL_CONVERSION = YES;
				CLANG_WARN_OBJC_ROOT_CLASS = YES_ERROR;
				CLANG_WARN_QUOTED_INCLUDE_IN_FRAMEWORK_HEADER = YES;
				CLANG_WARN_RANGE_LOOP_ANALYSIS = YES;
				CLANG_WARN_STRICT_PROTOTYPES = YES;
				CLANG_WARN_SUSPICIOUS_MOVE = YES;
				CLANG_WARN_UNGUARDED_AVAILABILITY = YES_AGGRESSIVE;
				CLANG_WARN_UNREACHABLE_CODE = YES;
				CLANG_WARN__DUPLICATE_METHOD_MATCH = YES;
				COPY_PHASE_STRIP = NO;
				DEBUG_INFORMATION_FORMAT = "dwarf-with-dsym";
				ENABLE_NS_ASSERTIONS = NO;
				ENABLE_STRICT_OBJC_MSGSEND = YES;
				ENABLE_USER_SCRIPT_SANDBOXING = YES;
				GCC_C_LANGUAGE_STANDARD = gnu17;
				GCC_NO_COMMON_BLOCKS = YES;
				GCC_WARN_64_TO_32_BIT_CONVERSION = YES;
				GCC_WARN_ABOUT_RETURN_TYPE = YES_ERROR;
				GCC_WARN_UNDECLARED_SELECTOR = YES;
				GCC_WARN_UNINITIALIZED_AUTOS = YES_AGGRESSIVE;
				GCC_WARN_UNUSED_FUNCTION = YES;
				GCC_WARN_UNUSED_VARIABLE = YES;
				LOCALIZATION_PREFERS_STRING_CATALOGS = YES;
				MACOSX_DEPLOYMENT_TARGET = 13.0;
				MTL_ENABLE_DEBUG_INFO = NO;
				MTL_FAST_MATH = YES;
				SDKROOT = macosx;
				SWIFT_COMPILATION_MODE = wholemodule;
			};
			name = Release;
		};
		140094BB300EF6A300064F28 /* Debug */ = {
			isa = XCBuildConfiguration;
			buildSettings = {
				CODE_SIGN_STYLE = Automatic;
				CURRENT_PROJECT_VERSION = 1;
				DEVELOPMENT_TEAM = 5ZTUW79KSB;
				ENABLE_APP_SANDBOX = YES;
				ENABLE_HARDENED_RUNTIME = YES;
				ENABLE_USER_SELECTED_FILES = readonly;
				GENERATE_INFOPLIST_FILE = YES;
				INFOPLIST_FILE = "Euspell Extension/Info.plist";
				INFOPLIST_KEY_CFBundleDisplayName = "Euspell Extension";
				INFOPLIST_KEY_NSHumanReadableCopyright = "";
				LD_RUNPATH_SEARCH_PATHS = (
					"$(inherited)",
					"@executable_path/../Frameworks",
					"@executable_path/../../../../Frameworks",
				);
				MACOSX_DEPLOYMENT_TARGET = 13.0;
				MARKETING_VERSION = 0.3.3;
				OTHER_LDFLAGS = (
					"-framework",
					SafariServices,
				);
				PRODUCT_BUNDLE_IDENTIFIER = org.euspell.Euspell.Extension;
				PRODUCT_NAME = "$(TARGET_NAME)";
				SKIP_INSTALL = YES;
				STRING_CATALOG_GENERATE_SYMBOLS = YES;
				SWIFT_APPROACHABLE_CONCURRENCY = YES;
				SWIFT_EMIT_LOC_STRINGS = YES;
				SWIFT_UPCOMING_FEATURE_MEMBER_IMPORT_VISIBILITY = YES;
				SWIFT_VERSION = 5.0;
			};
			name = Debug;
		};
		140094BC300EF6A300064F28 /* Release */ = {
			isa = XCBuildConfiguration;
			buildSettings = {
				CODE_SIGN_STYLE = Automatic;
				CURRENT_PROJECT_VERSION = 1;
				DEVELOPMENT_TEAM = 5ZTUW79KSB;
				ENABLE_APP_SANDBOX = YES;
				ENABLE_HARDENED_RUNTIME = YES;
				ENABLE_USER_SELECTED_FILES = readonly;
				GENERATE_INFOPLIST_FILE = YES;
				INFOPLIST_FILE = "Euspell Extension/Info.plist";
				INFOPLIST_KEY_CFBundleDisplayName = "Euspell Extension";
				INFOPLIST_KEY_NSHumanReadableCopyright = "";
				LD_RUNPATH_SEARCH_PATHS = (
					"$(inherited)",
					"@executable_path/../Frameworks",
					"@executable_path/../../../../Frameworks",
				);
				MACOSX_DEPLOYMENT_TARGET = 13.0;
				MARKETING_VERSION = 0.3.3;
				OTHER_LDFLAGS = (
					"-framework",
					SafariServices,
				);
				PRODUCT_BUNDLE_IDENTIFIER = org.euspell.Euspell.Extension;
				PRODUCT_NAME = "$(TARGET_NAME)";
				SKIP_INSTALL = YES;
				STRING_CATALOG_GENERATE_SYMBOLS = YES;
				SWIFT_APPROACHABLE_CONCURRENCY = YES;
				SWIFT_EMIT_LOC_STRINGS = YES;
				SWIFT_UPCOMING_FEATURE_MEMBER_IMPORT_VISIBILITY = YES;
				SWIFT_VERSION = 5.0;
			};
			name = Release;
		};
		140094BF300EF6A300064F28 /* Debug */ = {
			isa = XCBuildConfiguration;
			buildSettings = {
				ASSETCATALOG_COMPILER_APPICON_NAME = AppIcon;
				ASSETCATALOG_COMPILER_GLOBAL_ACCENT_COLOR_NAME = AccentColor;
				"CODE_SIGN_IDENTITY[sdk=macosx*]" = "Apple Development";
				CODE_SIGN_STYLE = Automatic;
				COMBINE_HIDPI_IMAGES = YES;
				CURRENT_PROJECT_VERSION = 1;
				DEVELOPMENT_TEAM = 5ZTUW79KSB;
				ENABLE_APP_SANDBOX = YES;
				ENABLE_HARDENED_RUNTIME = YES;
				ENABLE_OUTGOING_NETWORK_CONNECTIONS = YES;
				ENABLE_USER_SELECTED_FILES = readonly;
				GENERATE_INFOPLIST_FILE = YES;
				INFOPLIST_FILE = Euspell/Info.plist;
				INFOPLIST_KEY_CFBundleDisplayName = Euspell;
				INFOPLIST_KEY_NSHumanReadableCopyright = "";
				INFOPLIST_KEY_NSMainStoryboardFile = Main;
				INFOPLIST_KEY_NSPrincipalClass = NSApplication;
				LD_RUNPATH_SEARCH_PATHS = (
					"$(inherited)",
					"@executable_path/../Frameworks",
				);
				MARKETING_VERSION = 0.3.3;
				OTHER_LDFLAGS = (
					"-framework",
					SafariServices,
					"-framework",
					WebKit,
				);
				MACOSX_DEPLOYMENT_TARGET = 13.0;
				PRODUCT_BUNDLE_IDENTIFIER = org.euspell.Euspell;
				PRODUCT_NAME = "$(TARGET_NAME)";
				REGISTER_APP_GROUPS = YES;
				STRING_CATALOG_GENERATE_SYMBOLS = YES;
				SWIFT_APPROACHABLE_CONCURRENCY = YES;
				SWIFT_DEFAULT_ACTOR_ISOLATION = MainActor;
				SWIFT_EMIT_LOC_STRINGS = YES;
				SWIFT_UPCOMING_FEATURE_MEMBER_IMPORT_VISIBILITY = YES;
				SWIFT_VERSION = 5.0;
			};
			name = Debug;
		};
		140094C0300EF6A300064F28 /* Release */ = {
			isa = XCBuildConfiguration;
			buildSettings = {
				ASSETCATALOG_COMPILER_APPICON_NAME = AppIcon;
				ASSETCATALOG_COMPILER_GLOBAL_ACCENT_COLOR_NAME = AccentColor;
				"CODE_SIGN_IDENTITY[sdk=macosx*]" = "Apple Development";
				CODE_SIGN_STYLE = Automatic;
				COMBINE_HIDPI_IMAGES = YES;
				CURRENT_PROJECT_VERSION = 1;
				DEVELOPMENT_TEAM = 5ZTUW79KSB;
				ENABLE_APP_SANDBOX = YES;
				ENABLE_HARDENED_RUNTIME = YES;
				ENABLE_OUTGOING_NETWORK_CONNECTIONS = YES;
				ENABLE_USER_SELECTED_FILES = readonly;
				GENERATE_INFOPLIST_FILE = YES;
				INFOPLIST_FILE = Euspell/Info.plist;
				INFOPLIST_KEY_CFBundleDisplayName = Euspell;
				INFOPLIST_KEY_NSHumanReadableCopyright = "";
				INFOPLIST_KEY_NSMainStoryboardFile = Main;
				INFOPLIST_KEY_NSPrincipalClass = NSApplication;
				LD_RUNPATH_SEARCH_PATHS = (
					"$(inherited)",
					"@executable_path/../Frameworks",
				);
				MARKETING_VERSION = 0.3.3;
				OTHER_LDFLAGS = (
					"-framework",
					SafariServices,
					"-framework",
					WebKit,
				);
				MACOSX_DEPLOYMENT_TARGET = 13.0;
				PRODUCT_BUNDLE_IDENTIFIER = org.euspell.Euspell;
				PRODUCT_NAME = "$(TARGET_NAME)";
				REGISTER_APP_GROUPS = YES;
				STRING_CATALOG_GENERATE_SYMBOLS = YES;
				SWIFT_APPROACHABLE_CONCURRENCY = YES;
				SWIFT_DEFAULT_ACTOR_ISOLATION = MainActor;
				SWIFT_EMIT_LOC_STRINGS = YES;
				SWIFT_UPCOMING_FEATURE_MEMBER_IMPORT_VISIBILITY = YES;
				SWIFT_VERSION = 5.0;
			};
			name = Release;
		};
/* End XCBuildConfiguration section */

/* Begin XCConfigurationList section */
		14009490300EF6A200064F28 /* Build configuration list for PBXProject "Euspell" */ = {
			isa = XCConfigurationList;
			buildConfigurations = (
				140094B8300EF6A300064F28 /* Debug */,
				140094B9300EF6A300064F28 /* Release */,
			);
			defaultConfigurationIsVisible = 0;
			defaultConfigurationName = Release;
		};
		140094BA300EF6A300064F28 /* Build configuration list for PBXNativeTarget "Euspell Extension" */ = {
			isa = XCConfigurationList;
			buildConfigurations = (
				140094BB300EF6A300064F28 /* Debug */,
				140094BC300EF6A300064F28 /* Release */,
			);
			defaultConfigurationIsVisible = 0;
			defaultConfigurationName = Release;
		};
		140094BE300EF6A300064F28 /* Build configuration list for PBXNativeTarget "Euspell" */ = {
			isa = XCConfigurationList;
			buildConfigurations = (
				140094BF300EF6A300064F28 /* Debug */,
				140094C0300EF6A300064F28 /* Release */,
			);
			defaultConfigurationIsVisible = 0;
			defaultConfigurationName = Release;
		};
/* End XCConfigurationList section */
	};
	rootObject = 1400948D300EF6A200064F28 /* Project object */;
}
